
Microsoft Visual Studio Solution File, Format Version 12.00
# Visual Studio Version 17
VisualStudioVersion = 17.0.31912.275
MinimumVisualStudioVersion = 10.0.40219.1
Project("{FAE04EC0-301F-11D3-BF4B-00C04F79EFBC}") = "SimpleUnitTestingApp", "SimpleUnitTestingApp\SimpleUnitTestingApp.csproj", "{1D7BAD7B-DB72-4008-913B-B002F1FBF135}"
EndProject
Project("{FAE04EC0-301F-11D3-BF4B-00C04F79EFBC}") = "SimpleUnitTestingApp.Tests", "SimpleUnitTestingApp.Tests\SimpleUnitTestingApp.Tests.csproj", "{42FDE764-C3C8-4F10-AE25-58746D8FA7D8}"
EndProject
Global
	GlobalSection(SolutionConfigurationPlatforms) = preSolution
		Debug|Any CPU = Debug|Any CPU
		Release|Any CPU = Release|Any CPU
	EndGlobalSection
	GlobalSection(ProjectConfigurationPlatforms) = postSolution
		{1D7BAD7B-DB72-4008-913B-B002F1FBF135}.Debug|Any CPU.ActiveCfg = Debug|Any CPU
		{1D7BAD7B-DB72-4008-913B-B002F1FBF135}.Debug|Any CPU.Build.0 = Debug|Any CPU
		{1D7BAD7B-DB72-4008-913B-B002F1FBF135}.Release|Any CPU.ActiveCfg = Release|Any CPU
		{1D7BAD7B-DB72-4008-913B-B002F1FBF135}.Release|Any CPU.Build.0 = Release|Any CPU
		{42FDE764-C3C8-4F10-AE25-58746D8FA7D8}.Debug|Any CPU.ActiveCfg = Debug|Any CPU
		{42FDE764-C3C8-4F10-AE25-58746D8FA7D8}.Debug|Any CPU.Build.0 = Debug|Any CPU
		{42FDE764-C3C8-4F10-AE25-58746D8FA7D8}.Release|Any CPU.ActiveCfg = Release|Any CPU
		{42FDE764-C3C8-4F10-AE25-58746D8FA7D8}.Release|Any CPU.Build.0 = Release|Any CPU
	EndGlobalSection
	GlobalSection(SolutionProperties) = preSolution
		HideSolutionNode = FALSE
	EndGlobalSection
	GlobalSection(ExtensibilityGlobals) = postSolution
		SolutionGuid = {4085D076-3101-42F9-A792-0D048391F337}
	EndGlobalSection
EndGlobal
